
Microsoft Visual Studio Solution File, Format Version 12.00
# Visual Studio Version 16
VisualStudioVersion = 16.0.30225.117
MinimumVisualStudioVersion = 10.0.40219.1
Project("{FAE04EC0-301F-11D3-BF4B-00C04F79EFBC}") = "okko.uzmisweb", "okko.uzmisweb\okko.uzmisweb.csproj", "{0AFBF2CE-031F-4F82-B8F2-6D2C16DE1F43}"
EndProject
Project("{FAE04EC0-301F-11D3-BF4B-00C04F79EFBC}") = "okko.uzapi", "okko.uzapi\okko.uzapi.csproj", "{2E294947-F2D9-4207-8B7E-55556F2764C1}"
EndProject
Global
	GlobalSection(SolutionConfigurationPlatforms) = preSolution
		Debug|Any CPU = Debug|Any CPU
		Release|Any CPU = Release|Any CPU
	EndGlobalSection
	GlobalSection(ProjectConfigurationPlatforms) = postSolution
		{0AFBF2CE-031F-4F82-B8F2-6D2C16DE1F43}.Debug|Any CPU.ActiveCfg = Debug|Any CPU
		{0AFBF2CE-031F-4F82-B8F2-6D2C16DE1F43}.Debug|Any CPU.Build.0 = Debug|Any CPU
		{0AFBF2CE-031F-4F82-B8F2-6D2C16DE1F43}.Release|Any CPU.ActiveCfg = Release|Any CPU
		{0AFBF2CE-031F-4F82-B8F2-6D2C16DE1F43}.Release|Any CPU.Build.0 = Release|Any CPU
		{2E294947-F2D9-4207-8B7E-55556F2764C1}.Debug|Any CPU.ActiveCfg = Debug|Any CPU
		{2E294947-F2D9-4207-8B7E-55556F2764C1}.Debug|Any CPU.Build.0 = Debug|Any CPU
		{2E294947-F2D9-4207-8B7E-55556F2764C1}.Release|Any CPU.ActiveCfg = Release|Any CPU
		{2E294947-F2D9-4207-8B7E-55556F2764C1}.Release|Any CPU.Build.0 = Release|Any CPU
	EndGlobalSection
	GlobalSection(SolutionProperties) = preSolution
		HideSolutionNode = FALSE
	EndGlobalSection
	GlobalSection(ExtensibilityGlobals) = postSolution
		SolutionGuid = {B1A0D112-970C-432C-8967-57A038D2AFC6}
	EndGlobalSection
EndGlobal
